
Microsoft Visual Studio Solution File, Format Version 12.00
# Visual Studio Version 16
VisualStudioVersion = 16.0.29519.87
MinimumVisualStudioVersion = 10.0.40219.1
Project("{FAE04EC0-301F-11D3-BF4B-00C04F79EFBC}") = "Assignment01", "Assignment01.csproj", "{A9468D65-84F2-4B5F-A345-C889E530C889}"
EndProject
Project("{FAE04EC0-301F-11D3-BF4B-00C04F79EFBC}") = "Assignment01.Tests", "..\Assignment01.Tests\Assignment01.Tests.csproj", "{A16366B4-73A8-4F9C-863B-40863D0F5F8B}"
EndProject
Global
	GlobalSection(SolutionConfigurationPlatforms) = preSolution
		Debug|Any CPU = Debug|Any CPU
		Release|Any CPU = Release|Any CPU
	EndGlobalSection
	GlobalSection(ProjectConfigurationPlatforms) = postSolution
		{A9468D65-84F2-4B5F-A345-C889E530C889}.Debug|Any CPU.ActiveCfg = Debug|Any CPU
		{A9468D65-84F2-4B5F-A345-C889E530C889}.Debug|Any CPU.Build.0 = Debug|Any CPU
		{A9468D65-84F2-4B5F-A345-C889E530C889}.Release|Any CPU.ActiveCfg = Release|Any CPU
		{A9468D65-84F2-4B5F-A345-C889E530C889}.Release|Any CPU.Build.0 = Release|Any CPU
		{A16366B4-73A8-4F9C-863B-40863D0F5F8B}.Debug|Any CPU.ActiveCfg = Debug|Any CPU
		{A16366B4-73A8-4F9C-863B-40863D0F5F8B}.Debug|Any CPU.Build.0 = Debug|Any CPU
		{A16366B4-73A8-4F9C-863B-40863D0F5F8B}.Release|Any CPU.ActiveCfg = Release|Any CPU
		{A16366B4-73A8-4F9C-863B-40863D0F5F8B}.Release|Any CPU.Build.0 = Release|Any CPU
	EndGlobalSection
	GlobalSection(SolutionProperties) = preSolution
		HideSolutionNode = FALSE
	EndGlobalSection
	GlobalSection(ExtensibilityGlobals) = postSolution
		SolutionGuid = {5469A6B3-034E-406F-AB56-C9442C192CB6}
	EndGlobalSection
EndGlobal
